
Microsoft Visual Studio Solution File, Format Version 12.00
# Visual Studio Version 16
VisualStudioVersion = 16.0.30907.101
MinimumVisualStudioVersion = 10.0.40219.1
Project("{9A19103F-16F7-4668-BE54-9A1E7A4F7556}") = "QuadraticFormulaConsoleApp", "QuadraticFormula\QuadraticFormulaConsoleApp.csproj", "{72A0D74F-AD1E-4216-BCAA-F30BA91142ED}"
EndProject
Project("{9A19103F-16F7-4668-BE54-9A1E7A4F7556}") = "QuadraticFormulaCalculator", "QuadraticFormulaCalculator\QuadraticFormulaCalculator.csproj", "{954CC1ED-6BE7-463F-8C2B-C60CD967D271}"
EndProject
Project("{FAE04EC0-301F-11D3-BF4B-00C04F79EFBC}") = "QuadraticFormulaTests", "QuadraticFormulaTests\QuadraticFormulaTests.csproj", "{D63F0616-8485-474D-BE88-E0C51BD94CAF}"
EndProject
Global
	GlobalSection(SolutionConfigurationPlatforms) = preSolution
		Debug|Any CPU = Debug|Any CPU
		Release|Any CPU = Release|Any CPU
	EndGlobalSection
	GlobalSection(ProjectConfigurationPlatforms) = postSolution
		{72A0D74F-AD1E-4216-BCAA-F30BA91142ED}.Debug|Any CPU.ActiveCfg = Debug|Any CPU
		{72A0D74F-AD1E-4216-BCAA-F30BA91142ED}.Debug|Any CPU.Build.0 = Debug|Any CPU
		{72A0D74F-AD1E-4216-BCAA-F30BA91142ED}.Release|Any CPU.ActiveCfg = Release|Any CPU
		{72A0D74F-AD1E-4216-BCAA-F30BA91142ED}.Release|Any CPU.Build.0 = Release|Any CPU
		{954CC1ED-6BE7-463F-8C2B-C60CD967D271}.Debug|Any CPU.ActiveCfg = Debug|Any CPU
		{954CC1ED-6BE7-463F-8C2B-C60CD967D271}.Debug|Any CPU.Build.0 = Debug|Any CPU
		{954CC1ED-6BE7-463F-8C2B-C60CD967D271}.Release|Any CPU.ActiveCfg = Release|Any CPU
		{954CC1ED-6BE7-463F-8C2B-C60CD967D271}.Release|Any CPU.Build.0 = Release|Any CPU
		{D63F0616-8485-474D-BE88-E0C51BD94CAF}.Debug|Any CPU.ActiveCfg = Debug|Any CPU
		{D63F0616-8485-474D-BE88-E0C51BD94CAF}.Debug|Any CPU.Build.0 = Debug|Any CPU
		{D63F0616-8485-474D-BE88-E0C51BD94CAF}.Release|Any CPU.ActiveCfg = Release|Any CPU
		{D63F0616-8485-474D-BE88-E0C51BD94CAF}.Release|Any CPU.Build.0 = Release|Any CPU
	EndGlobalSection
	GlobalSection(SolutionProperties) = preSolution
		HideSolutionNode = FALSE
	EndGlobalSection
	GlobalSection(ExtensibilityGlobals) = postSolution
		SolutionGuid = {4AB0240D-D511-4F2F-9954-038CC8DD6961}
	EndGlobalSection
EndGlobal
